
Microsoft Visual Studio Solution File, Format Version 12.00
# Visual Studio Version 17
VisualStudioVersion = 17.3.32929.385
MinimumVisualStudioVersion = 10.0.40219.1
Project("{FAE04EC0-301F-11D3-BF4B-00C04F79EFBC}") = "SpecflowTable", "SpecflowTable.csproj", "{BAA0971D-8946-42B7-9978-37AE74C31356}"
EndProject
Global
	GlobalSection(SolutionConfigurationPlatforms) = preSolution
		Debug|Any CPU = Debug|Any CPU
		Release|Any CPU = Release|Any CPU
	EndGlobalSection
	GlobalSection(ProjectConfigurationPlatforms) = postSolution
		{BAA0971D-8946-42B7-9978-37AE74C31356}.Debug|Any CPU.ActiveCfg = Debug|Any CPU
		{BAA0971D-8946-42B7-9978-37AE74C31356}.Debug|Any CPU.Build.0 = Debug|Any CPU
		{BAA0971D-8946-42B7-9978-37AE74C31356}.Release|Any CPU.ActiveCfg = Release|Any CPU
		{BAA0971D-8946-42B7-9978-37AE74C31356}.Release|Any CPU.Build.0 = Release|Any CPU
	EndGlobalSection
	GlobalSection(SolutionProperties) = preSolution
		HideSolutionNode = FALSE
	EndGlobalSection
	GlobalSection(ExtensibilityGlobals) = postSolution
		SolutionGuid = {1B3149A0-18F4-4754-A464-521CCD5E0C04}
	EndGlobalSection
EndGlobal
